// !$*UTF8*$!
{
	archiveVersion = 1;
	classes = {
	};
	objectVersion = 50;
	objects = {

/* Begin PBXBuildFile section */
		503B6D003B8D78EF89C22133 /* Pods_Events_Demo_App_Events_Demo_AppUITests.framework in Frameworks */ = {isa = PBXBuildFile; fileRef = 81A161F5C7997618568CFCDB /* Pods_Events_Demo_App_Events_Demo_AppUITests.framework */; };
		BFEF0C8F4D50F35EDB5C8C88 /* Pods_Events_Demo_AppTests.framework in Frameworks */ = {isa = PBXBuildFile; fileRef = 4977E2A547DC6311CE4C8783 /* Pods_Events_Demo_AppTests.framework */; };
		CE4CF20F239628AB001B598A /* AppDelegate.swift in Sources */ = {isa = PBXBuildFile; fileRef = CE4CF20E239628AB001B598A /* AppDelegate.swift */; };
		CE4CF211239628AB001B598A /* SceneDelegate.swift in Sources */ = {isa = PBXBuildFile; fileRef = CE4CF210239628AB001B598A /* SceneDelegate.swift */; };
		CE4CF216239628AB001B598A /* Main.storyboard in Resources */ = {isa = PBXBuildFile; fileRef = CE4CF214239628AB001B598A /* Main.storyboard */; };
		CE4CF218239628AD001B598A /* Assets.xcassets in Resources */ = {isa = PBXBuildFile; fileRef = CE4CF217239628AD001B598A /* Assets.xcassets */; };
		CE4CF21B239628AD001B598A /* LaunchScreen.storyboard in Resources */ = {isa = PBXBuildFile; fileRef = CE4CF219239628AD001B598A /* LaunchScreen.storyboard */; };
		CE4CF226239628AD001B598A /* Events_Demo_AppTests.swift in Sources */ = {isa = PBXBuildFile; fileRef = CE4CF225239628AD001B598A /* Events_Demo_AppTests.swift */; };
		CE4CF231239628AD001B598A /* Events_Demo_AppUITests.swift in Sources */ = {isa = PBXBuildFile; fileRef = CE4CF230239628AD001B598A /* Events_Demo_AppUITests.swift */; };
		CE4CF24223962A78001B598A /* SignUpViewController.swift in Sources */ = {isa = PBXBuildFile; fileRef = CE4CF24123962A78001B598A /* SignUpViewController.swift */; };
		DBB9FBD09A6C3BD7D7498DD2 /* Pods_Events_Demo_App.framework in Frameworks */ = {isa = PBXBuildFile; fileRef = BECCAAFAF10EBAEC25DA96D6 /* Pods_Events_Demo_App.framework */; };
/* End PBXBuildFile section */

/* Begin PBXContainerItemProxy section */
		CE4CF222239628AD001B598A /* PBXContainerItemProxy */ = {
			isa = PBXContainerItemProxy;
			containerPortal = CE4CF203239628AB001B598A /* Project object */;
			proxyType = 1;
			remoteGlobalIDString = CE4CF20A239628AB001B598A;
			remoteInfo = "Events Demo App";
		};
		CE4CF22D239628AD001B598A /* PBXContainerItemProxy */ = {
			isa = PBXContainerItemProxy;
			containerPortal = CE4CF203239628AB001B598A /* Project object */;
			proxyType = 1;
			remoteGlobalIDString = CE4CF20A239628AB001B598A;
			remoteInfo = "Events Demo App";
		};
/* End PBXContainerItemProxy section */

/* Begin PBXFileReference section */
		2BAA783469B88EF3220187EA /* Pods-Events Demo App-Events Demo AppUITests.release.xcconfig */ = {isa = PBXFileReference; includeInIndex = 1; lastKnownFileType = text.xcconfig; name = "Pods-Events Demo App-Events Demo AppUITests.release.xcconfig"; path = "Target Support Files/Pods-Events Demo App-Events Demo AppUITests/Pods-Events Demo App-Events Demo AppUITests.release.xcconfig"; sourceTree = "<group>"; };
		3C684B5C95FF4243C6D8BB07 /* Pods-Events Demo AppTests.debug.xcconfig */ = {isa = PBXFileReference; includeInIndex = 1; lastKnownFileType = text.xcconfig; name = "Pods-Events Demo AppTests.debug.xcconfig"; path = "Target Support Files/Pods-Events Demo AppTests/Pods-Events Demo AppTests.debug.xcconfig"; sourceTree = "<group>"; };
		4977E2A547DC6311CE4C8783 /* Pods_Events_Demo_AppTests.framework */ = {isa = PBXFileReference; explicitFileType = wrapper.framework; includeInIndex = 0; path = Pods_Events_Demo_AppTests.framework; sourceTree = BUILT_PRODUCTS_DIR; };
		81A161F5C7997618568CFCDB /* Pods_Events_Demo_App_Events_Demo_AppUITests.framework */ = {isa = PBXFileReference; explicitFileType = wrapper.framework; includeInIndex = 0; path = Pods_Events_Demo_App_Events_Demo_AppUITests.framework; sourceTree = BUILT_PRODUCTS_DIR; };
		8A4B2A581EBD477195F79A3A /* Pods-Events Demo AppTests.release.xcconfig */ = {isa = PBXFileReference; includeInIndex = 1; lastKnownFileType = text.xcconfig; name = "Pods-Events Demo AppTests.release.xcconfig"; path = "Target Support Files/Pods-Events Demo AppTests/Pods-Events Demo AppTests.release.xcconfig"; sourceTree = "<group>"; };
		9C3BEAEFD805A77C5F0709AB /* Pods-Events Demo App.release.xcconfig */ = {isa = PBXFileReference; includeInIndex = 1; lastKnownFileType = text.xcconfig; name = "Pods-Events Demo App.release.xcconfig"; path = "Target Support Files/Pods-Events Demo App/Pods-Events Demo App.release.xcconfig"; sourceTree = "<group>"; };
		BECCAAFAF10EBAEC25DA96D6 /* Pods_Events_Demo_App.framework */ = {isa = PBXFileReference; explicitFileType = wrapper.framework; includeInIndex = 0; path = Pods_Events_Demo_App.framework; sourceTree = BUILT_PRODUCTS_DIR; };
		CE4CF20B239628AB001B598A /* Events Demo App.app */ = {isa = PBXFileReference; explicitFileType = wrapper.application; includeInIndex = 0; path = "Events Demo App.app"; sourceTree = BUILT_PRODUCTS_DIR; };
		CE4CF20E239628AB001B598A /* AppDelegate.swift */ = {isa = PBXFileReference; lastKnownFileType = sourcecode.swift; path = AppDelegate.swift; sourceTree = "<group>"; };
		CE4CF210239628AB001B598A /* SceneDelegate.swift */ = {isa = PBXFileReference; lastKnownFileType = sourcecode.swift; path = SceneDelegate.swift; sourceTree = "<group>"; };
		CE4CF215239628AB001B598A /* Base */ = {isa = PBXFileReference; lastKnownFileType = file.storyboard; name = Base; path = Base.lproj/Main.storyboard; sourceTree = "<group>"; };
		CE4CF217239628AD001B598A /* Assets.xcassets */ = {isa = PBXFileReference; lastKnownFileType = folder.assetcatalog; path = Assets.xcassets; sourceTree = "<group>"; };
		CE4CF21A239628AD001B598A /* Base */ = {isa = PBXFileReference; lastKnownFileType = file.storyboard; name = Base; path = Base.lproj/LaunchScreen.storyboard; sourceTree = "<group>"; };
		CE4CF21C239628AD001B598A /* Info.plist */ = {isa = PBXFileReference; lastKnownFileType = text.plist.xml; path = Info.plist; sourceTree = "<group>"; };
		CE4CF221239628AD001B598A /* Events Demo AppTests.xctest */ = {isa = PBXFileReference; explicitFileType = wrapper.cfbundle; includeInIndex = 0; path = "Events Demo AppTests.xctest"; sourceTree = BUILT_PRODUCTS_DIR; };
		CE4CF225239628AD001B598A /* Events_Demo_AppTests.swift */ = {isa = PBXFileReference; lastKnownFileType = sourcecode.swift; path = Events_Demo_AppTests.swift; sourceTree = "<group>"; };
		CE4CF227239628AD001B598A /* Info.plist */ = {isa = PBXFileReference; lastKnownFileType = text.plist.xml; path = Info.plist; sourceTree = "<group>"; };
		CE4CF22C239628AD001B598A /* Events Demo AppUITests.xctest */ = {isa = PBXFileReference; explicitFileType = wrapper.cfbundle; includeInIndex = 0; path = "Events Demo AppUITests.xctest"; sourceTree = BUILT_PRODUCTS_DIR; };
		CE4CF230239628AD001B598A /* Events_Demo_AppUITests.swift */ = {isa = PBXFileReference; lastKnownFileType = sourcecode.swift; path = Events_Demo_AppUITests.swift; sourceTree = "<group>"; };
		CE4CF232239628AD001B598A /* Info.plist */ = {isa = PBXFileReference; lastKnownFileType = text.plist.xml; path = Info.plist; sourceTree = "<group>"; };
		CE4CF24123962A78001B598A /* SignUpViewController.swift */ = {isa = PBXFileReference; lastKnownFileType = sourcecode.swift; path = SignUpViewController.swift; sourceTree = "<group>"; };
		D6336E46B60B9B19EC2C9910 /* Pods-Events Demo App-Events Demo AppUITests.debug.xcconfig */ = {isa = PBXFileReference; includeInIndex = 1; lastKnownFileType = text.xcconfig; name = "Pods-Events Demo App-Events Demo AppUITests.debug.xcconfig"; path = "Target Support Files/Pods-Events Demo App-Events Demo AppUITests/Pods-Events Demo App-Events Demo AppUITests.debug.xcconfig"; sourceTree = "<group>"; };
		FBA7B4559D510BC87572F80C /* Pods-Events Demo App.debug.xcconfig */ = {isa = PBXFileReference; includeInIndex = 1; lastKnownFileType = text.xcconfig; name = "Pods-Events Demo App.debug.xcconfig"; path = "Target Support Files/Pods-Events Demo App/Pods-Events Demo App.debug.xcconfig"; sourceTree = "<group>"; };
/* End PBXFileReference section */

/* Begin PBXFrameworksBuildPhase section */
		CE4CF208239628AB001B598A /* Frameworks */ = {
			isa = PBXFrameworksBuildPhase;
			buildActionMask = 2147483647;
			files = (
				DBB9FBD09A6C3BD7D7498DD2 /* Pods_Events_Demo_App.framework in Frameworks */,
			);
			runOnlyForDeploymentPostprocessing = 0;
		};
		CE4CF21E239628AD001B598A /* Frameworks */ = {
			isa = PBXFrameworksBuildPhase;
			buildActionMask = 2147483647;
			files = (
				BFEF0C8F4D50F35EDB5C8C88 /* Pods_Events_Demo_AppTests.framework in Frameworks */,
			);
			runOnlyForDeploymentPostprocessing = 0;
		};
		CE4CF229239628AD001B598A /* Frameworks */ = {
			isa = PBXFrameworksBuildPhase;
			buildActionMask = 2147483647;
			files = (
				503B6D003B8D78EF89C22133 /* Pods_Events_Demo_App_Events_Demo_AppUITests.framework in Frameworks */,
			);
			runOnlyForDeploymentPostprocessing = 0;
		};
/* End PBXFrameworksBuildPhase section */

/* Begin PBXGroup section */
		10CF58B3B48CCD2E417B1342 /* Frameworks */ = {
			isa = PBXGroup;
			children = (
				BECCAAFAF10EBAEC25DA96D6 /* Pods_Events_Demo_App.framework */,
				81A161F5C7997618568CFCDB /* Pods_Events_Demo_App_Events_Demo_AppUITests.framework */,
				4977E2A547DC6311CE4C8783 /* Pods_Events_Demo_AppTests.framework */,
			);
			name = Frameworks;
			sourceTree = "<group>";
		};
		96A8631874EF2E1A54DA0258 /* Pods */ = {
			isa = PBXGroup;
			children = (
				FBA7B4559D510BC87572F80C /* Pods-Events Demo App.debug.xcconfig */,
				9C3BEAEFD805A77C5F0709AB /* Pods-Events Demo App.release.xcconfig */,
				D6336E46B60B9B19EC2C9910 /* Pods-Events Demo App-Events Demo AppUITests.debug.xcconfig */,
				2BAA783469B88EF3220187EA /* Pods-Events Demo App-Events Demo AppUITests.release.xcconfig */,
				3C684B5C95FF4243C6D8BB07 /* Pods-Events Demo AppTests.debug.xcconfig */,
				8A4B2A581EBD477195F79A3A /* Pods-Events Demo AppTests.release.xcconfig */,
			);
			name = Pods;
			path = Pods;
			sourceTree = "<group>";
		};
		CE4CF202239628AB001B598A = {
			isa = PBXGroup;
			children = (
				CE4CF20D239628AB001B598A /* Events Demo App */,
				CE4CF224239628AD001B598A /* Events Demo AppTests */,
				CE4CF22F239628AD001B598A /* Events Demo AppUITests */,
				CE4CF20C239628AB001B598A /* Products */,
				96A8631874EF2E1A54DA0258 /* Pods */,
				10CF58B3B48CCD2E417B1342 /* Frameworks */,
			);
			sourceTree = "<group>";
		};
		CE4CF20C239628AB001B598A /* Products */ = {
			isa = PBXGroup;
			children = (
				CE4CF20B239628AB001B598A /* Events Demo App.app */,
				CE4CF221239628AD001B598A /* Events Demo AppTests.xctest */,
				CE4CF22C239628AD001B598A /* Events Demo AppUITests.xctest */,
			);
			name = Products;
			sourceTree = "<group>";
		};
		CE4CF20D239628AB001B598A /* Events Demo App */ = {
			isa = PBXGroup;
			children = (
				CE4CF23F239628D0001B598A /* Controllers */,
				CE4CF240239628E1001B598A /* Views */,
				CE4CF23E239628C2001B598A /* Supporting Files */,
				CE4CF21C239628AD001B598A /* Info.plist */,
			);
			path = "Events Demo App";
			sourceTree = "<group>";
		};
		CE4CF224239628AD001B598A /* Events Demo AppTests */ = {
			isa = PBXGroup;
			children = (
				CE4CF225239628AD001B598A /* Events_Demo_AppTests.swift */,
				CE4CF227239628AD001B598A /* Info.plist */,
			);
			path = "Events Demo AppTests";
			sourceTree = "<group>";
		};
		CE4CF22F239628AD001B598A /* Events Demo AppUITests */ = {
			isa = PBXGroup;
			children = (
				CE4CF230239628AD001B598A /* Events_Demo_AppUITests.swift */,
				CE4CF232239628AD001B598A /* Info.plist */,
			);
			path = "Events Demo AppUITests";
			sourceTree = "<group>";
		};
		CE4CF23E239628C2001B598A /* Supporting Files */ = {
			isa = PBXGroup;
			children = (
				CE4CF20E239628AB001B598A /* AppDelegate.swift */,
				CE4CF210239628AB001B598A /* SceneDelegate.swift */,
				CE4CF217239628AD001B598A /* Assets.xcassets */,
				CE4CF219239628AD001B598A /* LaunchScreen.storyboard */,
			);
			path = "Supporting Files";
			sourceTree = "<group>";
		};
		CE4CF23F239628D0001B598A /* Controllers */ = {
			isa = PBXGroup;
			children = (
				CE4CF24123962A78001B598A /* SignUpViewController.swift */,
			);
			path = Controllers;
			sourceTree = "<group>";
		};
		CE4CF240239628E1001B598A /* Views */ = {
			isa = PBXGroup;
			children = (
				CE4CF214239628AB001B598A /* Main.storyboard */,
			);
			path = Views;
			sourceTree = "<group>";
		};
/* End PBXGroup section */

/* Begin PBXNativeTarget section */
		CE4CF20A239628AB001B598A /* Events Demo App */ = {
			isa = PBXNativeTarget;
			buildConfigurationList = CE4CF235239628AD001B598A /* Build configuration list for PBXNativeTarget "Events Demo App" */;
			buildPhases = (
				082FD3961216AE46AC55C7B2 /* [CP] Check Pods Manifest.lock */,
				CE4CF207239628AB001B598A /* Sources */,
				CE4CF208239628AB001B598A /* Frameworks */,
				CE4CF209239628AB001B598A /* Resources */,
				EF740654C02C7C1028A90D2B /* [CP] Embed Pods Frameworks */,
			);
			buildRules = (
			);
			dependencies = (
			);
			name = "Events Demo App";
			productName = "Events Demo App";
			productReference = CE4CF20B239628AB001B598A /* Events Demo App.app */;
			productType = "com.apple.product-type.application";
		};
		CE4CF220239628AD001B598A /* Events Demo AppTests */ = {
			isa = PBXNativeTarget;
			buildConfigurationList = CE4CF238239628AD001B598A /* Build configuration list for PBXNativeTarget "Events Demo AppTests" */;
			buildPhases = (
				B4DAAFF4381361A3401E4DAF /* [CP] Check Pods Manifest.lock */,
				CE4CF21D239628AD001B598A /* Sources */,
				CE4CF21E239628AD001B598A /* Frameworks */,
				CE4CF21F239628AD001B598A /* Resources */,
			);
			buildRules = (
			);
			dependencies = (
				CE4CF223239628AD001B598A /* PBXTargetDependency */,
			);
			name = "Events Demo AppTests";
			productName = "Events Demo AppTests";
			productReference = CE4CF221239628AD001B598A /* Events Demo AppTests.xctest */;
			productType = "com.apple.product-type.bundle.unit-test";
		};
		CE4CF22B239628AD001B598A /* Events Demo AppUITests */ = {
			isa = PBXNativeTarget;
			buildConfigurationList = CE4CF23B239628AD001B598A /* Build configuration list for PBXNativeTarget "Events Demo AppUITests" */;
			buildPhases = (
				7902A7A06ADD2281AD0D597E /* [CP] Check Pods Manifest.lock */,
				CE4CF228239628AD001B598A /* Sources */,
				CE4CF229239628AD001B598A /* Frameworks */,
				CE4CF22A239628AD001B598A /* Resources */,
				0E297B1105827E38EF66865D /* [CP] Embed Pods Frameworks */,
			);
			buildRules = (
			);
			dependencies = (
				CE4CF22E239628AD001B598A /* PBXTargetDependency */,
			);
			name = "Events Demo AppUITests";
			productName = "Events Demo AppUITests";
			productReference = CE4CF22C239628AD001B598A /* Events Demo AppUITests.xctest */;
			productType = "com.apple.product-type.bundle.ui-testing";
		};
/* End PBXNativeTarget section */

/* Begin PBXProject section */
		CE4CF203239628AB001B598A /* Project object */ = {
			isa = PBXProject;
			attributes = {
				LastSwiftUpdateCheck = 1120;
				LastUpgradeCheck = 1120;
				ORGANIZATIONNAME = "Daniella Montinola";
				TargetAttributes = {
					CE4CF20A239628AB001B598A = {
						CreatedOnToolsVersion = 11.2.1;
					};
					CE4CF220239628AD001B598A = {
						CreatedOnToolsVersion = 11.2.1;
						TestTargetID = CE4CF20A239628AB001B598A;
					};
					CE4CF22B239628AD001B598A = {
						CreatedOnToolsVersion = 11.2.1;
						TestTargetID = CE4CF20A239628AB001B598A;
					};
				};
			};
			buildConfigurationList = CE4CF206239628AB001B598A /* Build configuration list for PBXProject "Events Demo App" */;
			compatibilityVersion = "Xcode 9.3";
			developmentRegion = en;
			hasScannedForEncodings = 0;
			knownRegions = (
				en,
				Base,
			);
			mainGroup = CE4CF202239628AB001B598A;
			productRefGroup = CE4CF20C239628AB001B598A /* Products */;
			projectDirPath = "";
			projectRoot = "";
			targets = (
				CE4CF20A239628AB001B598A /* Events Demo App */,
				CE4CF220239628AD001B598A /* Events Demo AppTests */,
				CE4CF22B239628AD001B598A /* Events Demo AppUITests */,
			);
		};
/* End PBXProject section */

/* Begin PBXResourcesBuildPhase section */
		CE4CF209239628AB001B598A /* Resources */ = {
			isa = PBXResourcesBuildPhase;
			buildActionMask = 2147483647;
			files = (
				CE4CF21B239628AD001B598A /* LaunchScreen.storyboard in Resources */,
				CE4CF218239628AD001B598A /* Assets.xcassets in Resources */,
				CE4CF216239628AB001B598A /* Main.storyboard in Resources */,
			);
			runOnlyForDeploymentPostprocessing = 0;
		};
		CE4CF21F239628AD001B598A /* Resources */ = {
			isa = PBXResourcesBuildPhase;
			buildActionMask = 2147483647;
			files = (
			);
			runOnlyForDeploymentPostprocessing = 0;
		};
		CE4CF22A239628AD001B598A /* Resources */ = {
			isa = PBXResourcesBuildPhase;
			buildActionMask = 2147483647;
			files = (
			);
			runOnlyForDeploymentPostprocessing = 0;
		};
/* End PBXResourcesBuildPhase section */

/* Begin PBXShellScriptBuildPhase section */
		082FD3961216AE46AC55C7B2 /* [CP] Check Pods Manifest.lock */ = {
			isa = PBXShellScriptBuildPhase;
			buildActionMask = 2147483647;
			files = (
			);
			inputFileListPaths = (
			);
			inputPaths = (
				"${PODS_PODFILE_DIR_PATH}/Podfile.lock",
				"${PODS_ROOT}/Manifest.lock",
			);
			name = "[CP] Check Pods Manifest.lock";
			outputFileListPaths = (
			);
			outputPaths = (
				"$(DERIVED_FILE_DIR)/Pods-Events Demo App-checkManifestLockResult.txt",
			);
			runOnlyForDeploymentPostprocessing = 0;
			shellPath = /bin/sh;
			shellScript = "diff \"${PODS_PODFILE_DIR_PATH}/Podfile.lock\" \"${PODS_ROOT}/Manifest.lock\" > /dev/null\nif [ $? != 0 ] ; then\n    # print error to STDERR\n    echo \"error: The sandbox is not in sync with the Podfile.lock. Run 'pod install' or update your CocoaPods installation.\" >&2\n    exit 1\nfi\n# This output is used by Xcode 'outputs' to avoid re-running this script phase.\necho \"SUCCESS\" > \"${SCRIPT_OUTPUT_FILE_0}\"\n";
			showEnvVarsInLog = 0;
		};
		0E297B1105827E38EF66865D /* [CP] Embed Pods Frameworks */ = {
			isa = PBXShellScriptBuildPhase;
			buildActionMask = 2147483647;
			files = (
			);
			inputFileListPaths = (
				"${PODS_ROOT}/Target Support Files/Pods-Events Demo App-Events Demo AppUITests/Pods-Events Demo App-Events Demo AppUITests-frameworks-${CONFIGURATION}-input-files.xcfilelist",
			);
			name = "[CP] Embed Pods Frameworks";
			outputFileListPaths = (
				"${PODS_ROOT}/Target Support Files/Pods-Events Demo App-Events Demo AppUITests/Pods-Events Demo App-Events Demo AppUITests-frameworks-${CONFIGURATION}-output-files.xcfilelist",
			);
			runOnlyForDeploymentPostprocessing = 0;
			shellPath = /bin/sh;
			shellScript = "\"${PODS_ROOT}/Target Support Files/Pods-Events Demo App-Events Demo AppUITests/Pods-Events Demo App-Events Demo AppUITests-frameworks.sh\"\n";
			showEnvVarsInLog = 0;
		};
		7902A7A06ADD2281AD0D597E /* [CP] Check Pods Manifest.lock */ = {
			isa = PBXShellScriptBuildPhase;
			buildActionMask = 2147483647;
			files = (
			);
			inputFileListPaths = (
			);
			inputPaths = (
				"${PODS_PODFILE_DIR_PATH}/Podfile.lock",
				"${PODS_ROOT}/Manifest.lock",
			);
			name = "[CP] Check Pods Manifest.lock";
			outputFileListPaths = (
			);
			outputPaths = (
				"$(DERIVED_FILE_DIR)/Pods-Events Demo App-Events Demo AppUITests-checkManifestLockResult.txt",
			);
			runOnlyForDeploymentPostprocessing = 0;
			shellPath = /bin/sh;
			shellScript = "diff \"${PODS_PODFILE_DIR_PATH}/Podfile.lock\" \"${PODS_ROOT}/Manifest.lock\" > /dev/null\nif [ $? != 0 ] ; then\n    # print error to STDERR\n    echo \"error: The sandbox is not in sync with the Podfile.lock. Run 'pod install' or update your CocoaPods installation.\" >&2\n    exit 1\nfi\n# This output is used by Xcode 'outputs' to avoid re-running this script phase.\necho \"SUCCESS\" > \"${SCRIPT_OUTPUT_FILE_0}\"\n";
			showEnvVarsInLog = 0;
		};
		B4DAAFF4381361A3401E4DAF /* [CP] Check Pods Manifest.lock */ = {
			isa = PBXShellScriptBuildPhase;
			buildActionMask = 2147483647;
			files = (
			);
			inputFileListPaths = (
			);
			inputPaths = (
				"${PODS_PODFILE_DIR_PATH}/Podfile.lock",
				"${PODS_ROOT}/Manifest.lock",
			);
			name = "[CP] Check Pods Manifest.lock";
			outputFileListPaths = (
			);
			outputPaths = (
				"$(DERIVED_FILE_DIR)/Pods-Events Demo AppTests-checkManifestLockResult.txt",
			);
			runOnlyForDeploymentPostprocessing = 0;
			shellPath = /bin/sh;
			shellScript = "diff \"${PODS_PODFILE_DIR_PATH}/Podfile.lock\" \"${PODS_ROOT}/Manifest.lock\" > /dev/null\nif [ $? != 0 ] ; then\n    # print error to STDERR\n    echo \"error: The sandbox is not in sync with the Podfile.lock. Run 'pod install' or update your CocoaPods installation.\" >&2\n    exit 1\nfi\n# This output is used by Xcode 'outputs' to avoid re-running this script phase.\necho \"SUCCESS\" > \"${SCRIPT_OUTPUT_FILE_0}\"\n";
			showEnvVarsInLog = 0;
		};
		EF740654C02C7C1028A90D2B /* [CP] Embed Pods Frameworks */ = {
			isa = PBXShellScriptBuildPhase;
			buildActionMask = 2147483647;
			files = (
			);
			inputFileListPaths = (
				"${PODS_ROOT}/Target Support Files/Pods-Events Demo App/Pods-Events Demo App-frameworks-${CONFIGURATION}-input-files.xcfilelist",
			);
			name = "[CP] Embed Pods Frameworks";
			outputFileListPaths = (
				"${PODS_ROOT}/Target Support Files/Pods-Events Demo App/Pods-Events Demo App-frameworks-${CONFIGURATION}-output-files.xcfilelist",
			);
			runOnlyForDeploymentPostprocessing = 0;
			shellPath = /bin/sh;
			shellScript = "\"${PODS_ROOT}/Target Support Files/Pods-Events Demo App/Pods-Events Demo App-frameworks.sh\"\n";
			showEnvVarsInLog = 0;
		};
/* End PBXShellScriptBuildPhase section */

/* Begin PBXSourcesBuildPhase section */
		CE4CF207239628AB001B598A /* Sources */ = {
			isa = PBXSourcesBuildPhase;
			buildActionMask = 2147483647;
			files = (
				CE4CF24223962A78001B598A /* SignUpViewController.swift in Sources */,
				CE4CF20F239628AB001B598A /* AppDelegate.swift in Sources */,
				CE4CF211239628AB001B598A /* SceneDelegate.swift in Sources */,
			);
			runOnlyForDeploymentPostprocessing = 0;
		};
		CE4CF21D239628AD001B598A /* Sources */ = {
			isa = PBXSourcesBuildPhase;
			buildActionMask = 2147483647;
			files = (
				CE4CF226239628AD001B598A /* Events_Demo_AppTests.swift in Sources */,
			);
			runOnlyForDeploymentPostprocessing = 0;
		};
		CE4CF228239628AD001B598A /* Sources */ = {
			isa = PBXSourcesBuildPhase;
			buildActionMask = 2147483647;
			files = (
				CE4CF231239628AD001B598A /* Events_Demo_AppUITests.swift in Sources */,
			);
			runOnlyForDeploymentPostprocessing = 0;
		};
/* End PBXSourcesBuildPhase section */

/* Begin PBXTargetDependency section */
		CE4CF223239628AD001B598A /* PBXTargetDependency */ = {
			isa = PBXTargetDependency;
			target = CE4CF20A239628AB001B598A /* Events Demo App */;
			targetProxy = CE4CF222239628AD001B598A /* PBXContainerItemProxy */;
		};
		CE4CF22E239628AD001B598A /* PBXTargetDependency */ = {
			isa = PBXTargetDependency;
			target = CE4CF20A239628AB001B598A /* Events Demo App */;
			targetProxy = CE4CF22D239628AD001B598A /* PBXContainerItemProxy */;
		};
/* End PBXTargetDependency section */

/* Begin PBXVariantGroup section */
		CE4CF214239628AB001B598A /* Main.storyboard */ = {
			isa = PBXVariantGroup;
			children = (
				CE4CF215239628AB001B598A /* Base */,
			);
			name = Main.storyboard;
			sourceTree = "<group>";
		};
		CE4CF219239628AD001B598A /* LaunchScreen.storyboard */ = {
			isa = PBXVariantGroup;
			children = (
				CE4CF21A239628AD001B598A /* Base */,
			);
			name = LaunchScreen.storyboard;
			sourceTree = "<group>";
		};
/* End PBXVariantGroup section */

/* Begin XCBuildConfiguration section */
		CE4CF233239628AD001B598A /* Debug */ = {
			isa = XCBuildConfiguration;
			buildSettings = {
				ALWAYS_SEARCH_USER_PATHS = NO;
				CLANG_ANALYZER_NONNULL = YES;
				CLANG_ANALYZER_NUMBER_OBJECT_CONVERSION = YES_AGGRESSIVE;
				CLANG_CXX_LANGUAGE_STANDARD = "gnu++14";
				CLANG_CXX_LIBRARY = "libc++";
				CLANG_ENABLE_MODULES = YES;
				CLANG_ENABLE_OBJC_ARC = YES;
				CLANG_ENABLE_OBJC_WEAK = YES;
				CLANG_WARN_BLOCK_CAPTURE_AUTORELEASING = YES;
				CLANG_WARN_BOOL_CONVERSION = YES;
				CLANG_WARN_COMMA = YES;
				CLANG_WARN_CONSTANT_CONVERSION = YES;
				CLANG_WARN_DEPRECATED_OBJC_IMPLEMENTATIONS = YES;
				CLANG_WARN_DIRECT_OBJC_ISA_USAGE = YES_ERROR;
				CLANG_WARN_DOCUMENTATION_COMMENTS = YES;
				CLANG_WARN_EMPTY_BODY = YES;
				CLANG_WARN_ENUM_CONVERSION = YES;
				CLANG_WARN_INFINITE_RECURSION = YES;
				CLANG_WARN_INT_CONVERSION = YES;
				CLANG_WARN_NON_LITERAL_NULL_CONVERSION = YES;
				CLANG_WARN_OBJC_IMPLICIT_RETAIN_SELF = YES;
				CLANG_WARN_OBJC_LITERAL_CONVERSION = YES;
				CLANG_WARN_OBJC_ROOT_CLASS = YES_ERROR;
				CLANG_WARN_RANGE_LOOP_ANALYSIS = YES;
				CLANG_WARN_STRICT_PROTOTYPES = YES;
				CLANG_WARN_SUSPICIOUS_MOVE = YES;
				CLANG_WARN_UNGUARDED_AVAILABILITY = YES_AGGRESSIVE;
				CLANG_WARN_UNREACHABLE_CODE = YES;
				CLANG_WARN__DUPLICATE_METHOD_MATCH = YES;
				COPY_PHASE_STRIP = NO;
				DEBUG_INFORMATION_FORMAT = dwarf;
				ENABLE_STRICT_OBJC_MSGSEND = YES;
				ENABLE_TESTABILITY = YES;
				GCC_C_LANGUAGE_STANDARD = gnu11;
				GCC_DYNAMIC_NO_PIC = NO;
				GCC_NO_COMMON_BLOCKS = YES;
				GCC_OPTIMIZATION_LEVEL = 0;
				GCC_PREPROCESSOR_DEFINITIONS = (
					"DEBUG=1",
					"$(inherited)",
				);
				GCC_WARN_64_TO_32_BIT_CONVERSION = YES;
				GCC_WARN_ABOUT_RETURN_TYPE = YES_ERROR;
				GCC_WARN_UNDECLARED_SELECTOR = YES;
				GCC_WARN_UNINITIALIZED_AUTOS = YES_AGGRESSIVE;
				GCC_WARN_UNUSED_FUNCTION = YES;
				GCC_WARN_UNUSED_VARIABLE = YES;
				IPHONEOS_DEPLOYMENT_TARGET = 13.2;
				MTL_ENABLE_DEBUG_INFO = INCLUDE_SOURCE;
				MTL_FAST_MATH = YES;
				ONLY_ACTIVE_ARCH = YES;
				SDKROOT = iphoneos;
				SWIFT_ACTIVE_COMPILATION_CONDITIONS = DEBUG;
				SWIFT_OPTIMIZATION_LEVEL = "-Onone";
			};
			name = Debug;
		};
		CE4CF234239628AD001B598A /* Release */ = {
			isa = XCBuildConfiguration;
			buildSettings = {
				ALWAYS_SEARCH_USER_PATHS = NO;
				CLANG_ANALYZER_NONNULL = YES;
				CLANG_ANALYZER_NUMBER_OBJECT_CONVERSION = YES_AGGRESSIVE;
				CLANG_CXX_LANGUAGE_STANDARD = "gnu++14";
				CLANG_CXX_LIBRARY = "libc++";
				CLANG_ENABLE_MODULES = YES;
				CLANG_ENABLE_OBJC_ARC = YES;
				CLANG_ENABLE_OBJC_WEAK = YES;
				CLANG_WARN_BLOCK_CAPTURE_AUTORELEASING = YES;
				CLANG_WARN_BOOL_CONVERSION = YES;
				CLANG_WARN_COMMA = YES;
				CLANG_WARN_CONSTANT_CONVERSION = YES;
				CLANG_WARN_DEPRECATED_OBJC_IMPLEMENTATIONS = YES;
				CLANG_WARN_DIRECT_OBJC_ISA_USAGE = YES_ERROR;
				CLANG_WARN_DOCUMENTATION_COMMENTS = YES;
				CLANG_WARN_EMPTY_BODY = YES;
				CLANG_WARN_ENUM_CONVERSION = YES;
				CLANG_WARN_INFINITE_RECURSION = YES;
				CLANG_WARN_INT_CONVERSION = YES;
				CLANG_WARN_NON_LITERAL_NULL_CONVERSION = YES;
				CLANG_WARN_OBJC_IMPLICIT_RETAIN_SELF = YES;
				CLANG_WARN_OBJC_LITERAL_CONVERSION = YES;
				CLANG_WARN_OBJC_ROOT_CLASS = YES_ERROR;
				CLANG_WARN_RANGE_LOOP_ANALYSIS = YES;
				CLANG_WARN_STRICT_PROTOTYPES = YES;
				CLANG_WARN_SUSPICIOUS_MOVE = YES;
				CLANG_WARN_UNGUARDED_AVAILABILITY = YES_AGGRESSIVE;
				CLANG_WARN_UNREACHABLE_CODE = YES;
				CLANG_WARN__DUPLICATE_METHOD_MATCH = YES;
				COPY_PHASE_STRIP = NO;
				DEBUG_INFORMATION_FORMAT = "dwarf-with-dsym";
				ENABLE_NS_ASSERTIONS = NO;
				ENABLE_STRICT_OBJC_MSGSEND = YES;
				GCC_C_LANGUAGE_STANDARD = gnu11;
				GCC_NO_COMMON_BLOCKS = YES;
				GCC_WARN_64_TO_32_BIT_CONVERSION = YES;
				GCC_WARN_ABOUT_RETURN_TYPE = YES_ERROR;
				GCC_WARN_UNDECLARED_SELECTOR = YES;
				GCC_WARN_UNINITIALIZED_AUTOS = YES_AGGRESSIVE;
				GCC_WARN_UNUSED_FUNCTION = YES;
				GCC_WARN_UNUSED_VARIABLE = YES;
				IPHONEOS_DEPLOYMENT_TARGET = 13.2;
				MTL_ENABLE_DEBUG_INFO = NO;
				MTL_FAST_MATH = YES;
				SDKROOT = iphoneos;
				SWIFT_COMPILATION_MODE = wholemodule;
				SWIFT_OPTIMIZATION_LEVEL = "-O";
				VALIDATE_PRODUCT = YES;
			};
			name = Release;
		};
		CE4CF236239628AD001B598A /* Debug */ = {
			isa = XCBuildConfiguration;
			baseConfigurationReference = FBA7B4559D510BC87572F80C /* Pods-Events Demo App.debug.xcconfig */;
			buildSettings = {
				ASSETCATALOG_COMPILER_APPICON_NAME = AppIcon;
				CODE_SIGN_STYLE = Automatic;
				DEVELOPMENT_TEAM = KB49WVMKXZ;
				INFOPLIST_FILE = "Events Demo App/Info.plist";
				LD_RUNPATH_SEARCH_PATHS = (
					"$(inherited)",
					"@executable_path/Frameworks",
				);
				PRODUCT_BUNDLE_IDENTIFIER = "com.team.losergirl9689.Events-Demo-App";
				PRODUCT_NAME = "$(TARGET_NAME)";
				SWIFT_VERSION = 5.0;
				TARGETED_DEVICE_FAMILY = "1,2";
			};
			name = Debug;
		};
		CE4CF237239628AD001B598A /* Release */ = {
			isa = XCBuildConfiguration;
			baseConfigurationReference = 9C3BEAEFD805A77C5F0709AB /* Pods-Events Demo App.release.xcconfig */;
			buildSettings = {
				ASSETCATALOG_COMPILER_APPICON_NAME = AppIcon;
				CODE_SIGN_STYLE = Automatic;
				DEVELOPMENT_TEAM = KB49WVMKXZ;
				INFOPLIST_FILE = "Events Demo App/Info.plist";
				LD_RUNPATH_SEARCH_PATHS = (
					"$(inherited)",
					"@executable_path/Frameworks",
				);
				PRODUCT_BUNDLE_IDENTIFIER = "com.team.losergirl9689.Events-Demo-App";
				PRODUCT_NAME = "$(TARGET_NAME)";
				SWIFT_VERSION = 5.0;
				TARGETED_DEVICE_FAMILY = "1,2";
			};
			name = Release;
		};
		CE4CF239239628AD001B598A /* Debug */ = {
			isa = XCBuildConfiguration;
			baseConfigurationReference = 3C684B5C95FF4243C6D8BB07 /* Pods-Events Demo AppTests.debug.xcconfig */;
			buildSettings = {
				ALWAYS_EMBED_SWIFT_STANDARD_LIBRARIES = YES;
				BUNDLE_LOADER = "$(TEST_HOST)";
				CODE_SIGN_STYLE = Automatic;
				DEVELOPMENT_TEAM = KB49WVMKXZ;
				INFOPLIST_FILE = "Events Demo AppTests/Info.plist";
				IPHONEOS_DEPLOYMENT_TARGET = 13.2;
				LD_RUNPATH_SEARCH_PATHS = (
					"$(inherited)",
					"@executable_path/Frameworks",
					"@loader_path/Frameworks",
				);
				PRODUCT_BUNDLE_IDENTIFIER = "com.team.losergirl9689.Events-Demo-AppTests";
				PRODUCT_NAME = "$(TARGET_NAME)";
				SWIFT_VERSION = 5.0;
				TARGETED_DEVICE_FAMILY = "1,2";
				TEST_HOST = "$(BUILT_PRODUCTS_DIR)/Events Demo App.app/Events Demo App";
			};
			name = Debug;
		};
		CE4CF23A239628AD001B598A /* Release */ = {
			isa = XCBuildConfiguration;
			baseConfigurationReference = 8A4B2A581EBD477195F79A3A /* Pods-Events Demo AppTests.release.xcconfig */;
			buildSettings = {
				ALWAYS_EMBED_SWIFT_STANDARD_LIBRARIES = YES;
				BUNDLE_LOADER = "$(TEST_HOST)";
				CODE_SIGN_STYLE = Automatic;
				DEVELOPMENT_TEAM = KB49WVMKXZ;
				INFOPLIST_FILE = "Events Demo AppTests/Info.plist";
				IPHONEOS_DEPLOYMENT_TARGET = 13.2;
				LD_RUNPATH_SEARCH_PATHS = (
					"$(inherited)",
					"@executable_path/Frameworks",
					"@loader_path/Frameworks",
				);
				PRODUCT_BUNDLE_IDENTIFIER = "com.team.losergirl9689.Events-Demo-AppTests";
				PRODUCT_NAME = "$(TARGET_NAME)";
				SWIFT_VERSION = 5.0;
				TARGETED_DEVICE_FAMILY = "1,2";
				TEST_HOST = "$(BUILT_PRODUCTS_DIR)/Events Demo App.app/Events Demo App";
			};
			name = Release;
		};
		CE4CF23C239628AD001B598A /* Debug */ = {
			isa = XCBuildConfiguration;
			baseConfigurationReference = D6336E46B60B9B19EC2C9910 /* Pods-Events Demo App-Events Demo AppUITests.debug.xcconfig */;
			buildSettings = {
				ALWAYS_EMBED_SWIFT_STANDARD_LIBRARIES = YES;
				CODE_SIGN_STYLE = Automatic;
				DEVELOPMENT_TEAM = KB49WVMKXZ;
				INFOPLIST_FILE = "Events Demo AppUITests/Info.plist";
				LD_RUNPATH_SEARCH_PATHS = (
					"$(inherited)",
					"@executable_path/Frameworks",
					"@loader_path/Frameworks",
				);
				PRODUCT_BUNDLE_IDENTIFIER = "com.team.losergirl9689.Events-Demo-AppUITests";
				PRODUCT_NAME = "$(TARGET_NAME)";
				SWIFT_VERSION = 5.0;
				TARGETED_DEVICE_FAMILY = "1,2";
				TEST_TARGET_NAME = "Events Demo App";
			};
			name = Debug;
		};
		CE4CF23D239628AD001B598A /* Release */ = {
			isa = XCBuildConfiguration;
			baseConfigurationReference = 2BAA783469B88EF3220187EA /* Pods-Events Demo App-Events Demo AppUITests.release.xcconfig */;
			buildSettings = {
				ALWAYS_EMBED_SWIFT_STANDARD_LIBRARIES = YES;
				CODE_SIGN_STYLE = Automatic;
				DEVELOPMENT_TEAM = KB49WVMKXZ;
				INFOPLIST_FILE = "Events Demo AppUITests/Info.plist";
				LD_RUNPATH_SEARCH_PATHS = (
					"$(inherited)",
					"@executable_path/Frameworks",
					"@loader_path/Frameworks",
				);
				PRODUCT_BUNDLE_IDENTIFIER = "com.team.losergirl9689.Events-Demo-AppUITests";
				PRODUCT_NAME = "$(TARGET_NAME)";
				SWIFT_VERSION = 5.0;
				TARGETED_DEVICE_FAMILY = "1,2";
				TEST_TARGET_NAME = "Events Demo App";
			};
			name = Release;
		};
/* End XCBuildConfiguration section */

/* Begin XCConfigurationList section */
		CE4CF206239628AB001B598A /* Build configuration list for PBXProject "Events Demo App" */ = {
			isa = XCConfigurationList;
			buildConfigurations = (
				CE4CF233239628AD001B598A /* Debug */,
				CE4CF234239628AD001B598A /* Release */,
			);
			defaultConfigurationIsVisible = 0;
			defaultConfigurationName = Release;
		};
		CE4CF235239628AD001B598A /* Build configuration list for PBXNativeTarget "Events Demo App" */ = {
			isa = XCConfigurationList;
			buildConfigurations = (
				CE4CF236239628AD001B598A /* Debug */,
				CE4CF237239628AD001B598A /* Release */,
			);
			defaultConfigurationIsVisible = 0;
			defaultConfigurationName = Release;
		};
		CE4CF238239628AD001B598A /* Build configuration list for PBXNativeTarget "Events Demo AppTests" */ = {
			isa = XCConfigurationList;
			buildConfigurations = (
				CE4CF239239628AD001B598A /* Debug */,
				CE4CF23A239628AD001B598A /* Release */,
			);
			defaultConfigurationIsVisible = 0;
			defaultConfigurationName = Release;
		};
		CE4CF23B239628AD001B598A /* Build configuration list for PBXNativeTarget "Events Demo AppUITests" */ = {
			isa = XCConfigurationList;
			buildConfigurations = (
				CE4CF23C239628AD001B598A /* Debug */,
				CE4CF23D239628AD001B598A /* Release */,
			);
			defaultConfigurationIsVisible = 0;
			defaultConfigurationName = Release;
		};
/* End XCConfigurationList section */
	};
	rootObject = CE4CF203239628AB001B598A /* Project object */;
}
